<?xml version="1.0" encoding="utf-8"?>
<Project ToolsVersion="4.0" xmlns="http://schemas.microsoft.com/developer/msbuild/2003">
  <ItemGroup>
    <Filter Include="Source Files">
      <UniqueIdentifier>{4FC737F1-C7A5-4376-A066-2A32D752A2FF}</UniqueIdentifier>
      <Extensions>cpp;c;cc;cxx;c++;cppm;ixx;def;odl;idl;hpj;bat;asm;asmx</Extensions>
    </Filter>
    <Filter Include="Header Files">
      <UniqueIdentifier>{93995380-89BD-4b04-88EB-625FBE52EBFB}</UniqueIdentifier>
      <Extensions>h;hh;hpp;hxx;h++;hm;inl;inc;ipp;xsd</Extensions>
    </Filter>
    <Filter Include="Resource Files">
      <UniqueIdentifier>{67DA6AB6-F800-4c08-8B7A-83BB121AAD01}</UniqueIdentifier>
      <Extensions>rc;ico;cur;bmp;dlg;rc2;rct;bin;rgs;gif;jpg;jpeg;jpe;resx;tiff;tif;png;wav;mfcribbon-ms</Extensions>
    </Filter>
  </ItemGroup>
  <ItemGroup>
    <ClCompile Include="main.cpp">
      <Filter>Source Files</Filter>
    </ClCompile>
    <ClCompile Include="ItemBeamCannon.cpp">
      <Filter>Source Files</Filter>
    </ClCompile>
    <ClCompile Include="Upgrades\BeamCannonUpgrade.cpp">
      <Filter>Source Files</Filter>
    </ClCompile>
    <ClCompile Include="Upgrades\OpticsUpgrade.cpp">
      <Filter>Source Files</Filter>
    </ClCompile>
    <ClCompile Include="Upgrades\GyroscopeUpgrade.cpp">
      <Filter>Source Files</Filter>
    </ClCompile>
    <ClCompile Include="Upgrades\ConcentratorUpgrade.cpp">
      <Filter>Source Files</Filter>
    </ClCompile>
    <ClCompile Include="Upgrades\FiltrationUpgrade.cpp">
      <Filter>Source Files</Filter>
    </ClCompile>
    <ClCompile Include="Upgrades\MagnetUpgrade.cpp">
      <Filter>Source Files</Filter>
    </ClCompile>
    <ClCompile Include="Upgrades\MatterDisassemblerUpgrade.cpp">
      <Filter>Source Files</Filter>
    </ClCompile>
    <ClCompile Include="Upgrades\AreaUpgrade.cpp">
      <Filter>Source Files</Filter>
    </ClCompile>
    <ClCompile Include="Upgrades\CoilsUpgrade.cpp">
      <Filter>Source Files</Filter>
    </ClCompile>
  </ItemGroup>
  <ItemGroup>
    <None Include="info.json5" />
    <None Include="postbuild.bat">
      <Filter>Source Files</Filter>
    </None>
  </ItemGroup>
  <ItemGroup>
    <ClInclude Include="ItemBeamCannon.h">
      <Filter>Header Files</Filter>
    </ClInclude>
    <ClInclude Include="Upgrades\BeamCannonUpgrade.h">
      <Filter>Header Files</Filter>
    </ClInclude>
    <ClInclude Include="Upgrades\OpticsUpgrade.h">
      <Filter>Header Files</Filter>
    </ClInclude>
    <ClInclude Include="4DKeyBinds.h">
      <Filter>Header Files</Filter>
    </ClInclude>
    <ClInclude Include="Upgrades\GyroscopeUpgrade.h">
      <Filter>Header Files</Filter>
    </ClInclude>
    <ClInclude Include="EntityController.h">
      <Filter>Header Files</Filter>
    </ClInclude>
    <ClInclude Include="Upgrades\ConcentratorUpgrade.h">
      <Filter>Header Files</Filter>
    </ClInclude>
    <ClInclude Include="Upgrades\FiltrationUpgrade.h">
      <Filter>Header Files</Filter>
    </ClInclude>
    <ClInclude Include="Upgrades\MagnetUpgrade.h">
      <Filter>Header Files</Filter>
    </ClInclude>
    <ClInclude Include="Upgrades\MatterDisassemblerUpgrade.h">
      <Filter>Header Files</Filter>
    </ClInclude>
    <ClInclude Include="Upgrades\AreaUpgrade.h">
      <Filter>Header Files</Filter>
    </ClInclude>
    <ClInclude Include="Upgrades\CoilsUpgrade.h">
      <Filter>Header Files</Filter>
    </ClInclude>
  </ItemGroup>
</Project>